
Microsoft Visual Studio Solution File, Format Version 12.00
# Visual Studio Version 16
VisualStudioVersion = 16.0.29324.140
MinimumVisualStudioVersion = 10.0.40219.1
Project("{FAE04EC0-301F-11D3-BF4B-00C04F79EFBC}") = "Simplic.FileStructure", "Simplic.FileStructure\Simplic.FileStructure.csproj", "{EDFBFC8D-6BBE-4C46-BBA7-8C3423A52152}"
EndProject
Project("{FAE04EC0-301F-11D3-BF4B-00C04F79EFBC}") = "Simplic.FileStructure.Service", "Simplic.FileStructure.Service\Simplic.FileStructure.Service.csproj", "{6614287D-1082-45C2-BC45-A1803B368699}"
EndProject
Project("{FAE04EC0-301F-11D3-BF4B-00C04F79EFBC}") = "Simplic.FileStructure.Data.DB", "Simplic.FileStructure.Data.DB\Simplic.FileStructure.Data.DB.csproj", "{FE5041AA-EE8D-4077-9E47-97D40E87E15E}"
EndProject
Project("{FAE04EC0-301F-11D3-BF4B-00C04F79EFBC}") = "Simplic.FileStructure.UI", "Simplic.FileStructure.UI\Simplic.FileStructure.UI.csproj", "{C62AF878-9E55-482C-9966-DB1C8F12081D}"
EndProject
Project("{FAE04EC0-301F-11D3-BF4B-00C04F79EFBC}") = "Simplic.FileStructure.Sync.FileSystem", "Simplic.FileStructure.Sync.FileSystem\Simplic.FileStructure.Sync.FileSystem.csproj", "{39F11128-DB7C-4AC0-B51D-2C041869B88C}"
EndProject
Project("{FAE04EC0-301F-11D3-BF4B-00C04F79EFBC}") = "Simplic.FileStructure.Rendering.Service", "Simplic.FileStructure.Rendering.Service\Simplic.FileStructure.Rendering.Service.csproj", "{F04D6F5B-2405-4D7D-AA6A-40F546968FDE}"
EndProject
Project("{2150E333-8FDC-42A3-9474-1A3956D46DE8}") = "ENV", "ENV", "{2ACEE08A-49CF-41D3-944D-9430F042A957}"
	ProjectSection(SolutionItems) = preProject
		..\azure-pipelines.yml = ..\azure-pipelines.yml
		..\project.repocli.json = ..\project.repocli.json
	EndProjectSection
EndProject
Project("{FAE04EC0-301F-11D3-BF4B-00C04F79EFBC}") = "Simplic.FileStructure.Workflow.UI", "Simplic.FileStructure.Workflow.UI\Simplic.FileStructure.Workflow.UI.csproj", "{9E2422FD-E0A8-4410-AECE-105DC7114E14}"
EndProject
Project("{FAE04EC0-301F-11D3-BF4B-00C04F79EFBC}") = "Simplic.FileStructure.Workflow.Data.DB", "Simplic.FileStructure.Workflow.Data.DB\Simplic.FileStructure.Workflow.Data.DB.csproj", "{267FF619-FB74-45A3-A97E-DC89B9AF67FF}"
EndProject
Project("{FAE04EC0-301F-11D3-BF4B-00C04F79EFBC}") = "Simplic.FileStructure.Workflow.Service", "Simplic.FileStructure.Workflow.Service\Simplic.FileStructure.Workflow.Service.csproj", "{CBA21694-52A8-4EDA-8EE4-5DD81B2657CE}"
EndProject
Project("{FAE04EC0-301F-11D3-BF4B-00C04F79EFBC}") = "Simplic.FileStructure.Workflow", "Simplic.FileStructure.Workflow\Simplic.FileStructure.Workflow.csproj", "{359A7332-9F78-4922-8594-F92DEB19E95D}"
EndProject
Global
	GlobalSection(SolutionConfigurationPlatforms) = preSolution
		Debug|Any CPU = Debug|Any CPU
		Release|Any CPU = Release|Any CPU
	EndGlobalSection
	GlobalSection(ProjectConfigurationPlatforms) = postSolution
		{EDFBFC8D-6BBE-4C46-BBA7-8C3423A52152}.Debug|Any CPU.ActiveCfg = Debug|Any CPU
		{EDFBFC8D-6BBE-4C46-BBA7-8C3423A52152}.Debug|Any CPU.Build.0 = Debug|Any CPU
		{EDFBFC8D-6BBE-4C46-BBA7-8C3423A52152}.Release|Any CPU.ActiveCfg = Release|Any CPU
		{EDFBFC8D-6BBE-4C46-BBA7-8C3423A52152}.Release|Any CPU.Build.0 = Release|Any CPU
		{6614287D-1082-45C2-BC45-A1803B368699}.Debug|Any CPU.ActiveCfg = Debug|Any CPU
		{6614287D-1082-45C2-BC45-A1803B368699}.Debug|Any CPU.Build.0 = Debug|Any CPU
		{6614287D-1082-45C2-BC45-A1803B368699}.Release|Any CPU.ActiveCfg = Release|Any CPU
		{6614287D-1082-45C2-BC45-A1803B368699}.Release|Any CPU.Build.0 = Release|Any CPU
		{FE5041AA-EE8D-4077-9E47-97D40E87E15E}.Debug|Any CPU.ActiveCfg = Debug|Any CPU
		{FE5041AA-EE8D-4077-9E47-97D40E87E15E}.Debug|Any CPU.Build.0 = Debug|Any CPU
		{FE5041AA-EE8D-4077-9E47-97D40E87E15E}.Release|Any CPU.ActiveCfg = Release|Any CPU
		{FE5041AA-EE8D-4077-9E47-97D40E87E15E}.Release|Any CPU.Build.0 = Release|Any CPU
		{C62AF878-9E55-482C-9966-DB1C8F12081D}.Debug|Any CPU.ActiveCfg = Debug|Any CPU
		{C62AF878-9E55-482C-9966-DB1C8F12081D}.Debug|Any CPU.Build.0 = Debug|Any CPU
		{C62AF878-9E55-482C-9966-DB1C8F12081D}.Release|Any CPU.ActiveCfg = Release|Any CPU
		{C62AF878-9E55-482C-9966-DB1C8F12081D}.Release|Any CPU.Build.0 = Release|Any CPU
		{39F11128-DB7C-4AC0-B51D-2C041869B88C}.Debug|Any CPU.ActiveCfg = Debug|Any CPU
		{39F11128-DB7C-4AC0-B51D-2C041869B88C}.Debug|Any CPU.Build.0 = Debug|Any CPU
		{39F11128-DB7C-4AC0-B51D-2C041869B88C}.Release|Any CPU.ActiveCfg = Release|Any CPU
		{39F11128-DB7C-4AC0-B51D-2C041869B88C}.Release|Any CPU.Build.0 = Release|Any CPU
		{F04D6F5B-2405-4D7D-AA6A-40F546968FDE}.Debug|Any CPU.ActiveCfg = Debug|Any CPU
		{F04D6F5B-2405-4D7D-AA6A-40F546968FDE}.Debug|Any CPU.Build.0 = Debug|Any CPU
		{F04D6F5B-2405-4D7D-AA6A-40F546968FDE}.Release|Any CPU.ActiveCfg = Release|Any CPU
		{F04D6F5B-2405-4D7D-AA6A-40F546968FDE}.Release|Any CPU.Build.0 = Release|Any CPU
		{9E2422FD-E0A8-4410-AECE-105DC7114E14}.Debug|Any CPU.ActiveCfg = Debug|Any CPU
		{9E2422FD-E0A8-4410-AECE-105DC7114E14}.Debug|Any CPU.Build.0 = Debug|Any CPU
		{9E2422FD-E0A8-4410-AECE-105DC7114E14}.Release|Any CPU.ActiveCfg = Release|Any CPU
		{9E2422FD-E0A8-4410-AECE-105DC7114E14}.Release|Any CPU.Build.0 = Release|Any CPU
		{267FF619-FB74-45A3-A97E-DC89B9AF67FF}.Debug|Any CPU.ActiveCfg = Debug|Any CPU
		{267FF619-FB74-45A3-A97E-DC89B9AF67FF}.Debug|Any CPU.Build.0 = Debug|Any CPU
		{267FF619-FB74-45A3-A97E-DC89B9AF67FF}.Release|Any CPU.ActiveCfg = Release|Any CPU
		{267FF619-FB74-45A3-A97E-DC89B9AF67FF}.Release|Any CPU.Build.0 = Release|Any CPU
		{CBA21694-52A8-4EDA-8EE4-5DD81B2657CE}.Debug|Any CPU.ActiveCfg = Debug|Any CPU
		{CBA21694-52A8-4EDA-8EE4-5DD81B2657CE}.Debug|Any CPU.Build.0 = Debug|Any CPU
		{CBA21694-52A8-4EDA-8EE4-5DD81B2657CE}.Release|Any CPU.ActiveCfg = Release|Any CPU
		{CBA21694-52A8-4EDA-8EE4-5DD81B2657CE}.Release|Any CPU.Build.0 = Release|Any CPU
		{359A7332-9F78-4922-8594-F92DEB19E95D}.Debug|Any CPU.ActiveCfg = Debug|Any CPU
		{359A7332-9F78-4922-8594-F92DEB19E95D}.Debug|Any CPU.Build.0 = Debug|Any CPU
		{359A7332-9F78-4922-8594-F92DEB19E95D}.Release|Any CPU.ActiveCfg = Release|Any CPU
		{359A7332-9F78-4922-8594-F92DEB19E95D}.Release|Any CPU.Build.0 = Release|Any CPU
	EndGlobalSection
	GlobalSection(SolutionProperties) = preSolution
		HideSolutionNode = FALSE
	EndGlobalSection
	GlobalSection(ExtensibilityGlobals) = postSolution
		SolutionGuid = {5F8FAA4D-0936-4017-B844-9EC69940FB05}
	EndGlobalSection
EndGlobal
